
Microsoft Visual Studio Solution File, Format Version 12.00
# Visual Studio Version 17
VisualStudioVersion = 17.10.35122.118
MinimumVisualStudioVersion = 10.0.40219.1
Project("{9A19103F-16F7-4668-BE54-9A1E7A4F7556}") = "Server", "Server\Server.csproj", "{C389DEEB-2EB4-4FDF-B945-72670E148775}"
EndProject
Project("{9A19103F-16F7-4668-BE54-9A1E7A4F7556}") = "Client", "Client\Client.csproj", "{FD580489-CFD4-43B8-94A5-18E2F892F074}"
EndProject
Project("{9A19103F-16F7-4668-BE54-9A1E7A4F7556}") = "BaseLibrary", "BaseLibrary\BaseLibrary.csproj", "{7B8AEB86-3920-402F-BB06-AF911473DB62}"
EndProject
Project("{9A19103F-16F7-4668-BE54-9A1E7A4F7556}") = "ClientLibrary", "ClientLibrary\ClientLibrary.csproj", "{C7F95478-9DB9-4332-9941-CE1441209A47}"
EndProject
Project("{9A19103F-16F7-4668-BE54-9A1E7A4F7556}") = "ServerLibrary", "ServerLibrary\ServerLibrary.csproj", "{8A7A6C40-F551-4DD4-8E79-BF9C8822C327}"
EndProject
Global
	GlobalSection(SolutionConfigurationPlatforms) = preSolution
		Debug|Any CPU = Debug|Any CPU
		Release|Any CPU = Release|Any CPU
	EndGlobalSection
	GlobalSection(ProjectConfigurationPlatforms) = postSolution
		{C389DEEB-2EB4-4FDF-B945-72670E148775}.Debug|Any CPU.ActiveCfg = Debug|Any CPU
		{C389DEEB-2EB4-4FDF-B945-72670E148775}.Debug|Any CPU.Build.0 = Debug|Any CPU
		{C389DEEB-2EB4-4FDF-B945-72670E148775}.Release|Any CPU.ActiveCfg = Release|Any CPU
		{C389DEEB-2EB4-4FDF-B945-72670E148775}.Release|Any CPU.Build.0 = Release|Any CPU
		{FD580489-CFD4-43B8-94A5-18E2F892F074}.Debug|Any CPU.ActiveCfg = Debug|Any CPU
		{FD580489-CFD4-43B8-94A5-18E2F892F074}.Debug|Any CPU.Build.0 = Debug|Any CPU
		{FD580489-CFD4-43B8-94A5-18E2F892F074}.Release|Any CPU.ActiveCfg = Release|Any CPU
		{FD580489-CFD4-43B8-94A5-18E2F892F074}.Release|Any CPU.Build.0 = Release|Any CPU
		{7B8AEB86-3920-402F-BB06-AF911473DB62}.Debug|Any CPU.ActiveCfg = Debug|Any CPU
		{7B8AEB86-3920-402F-BB06-AF911473DB62}.Debug|Any CPU.Build.0 = Debug|Any CPU
		{7B8AEB86-3920-402F-BB06-AF911473DB62}.Release|Any CPU.ActiveCfg = Release|Any CPU
		{7B8AEB86-3920-402F-BB06-AF911473DB62}.Release|Any CPU.Build.0 = Release|Any CPU
		{C7F95478-9DB9-4332-9941-CE1441209A47}.Debug|Any CPU.ActiveCfg = Debug|Any CPU
		{C7F95478-9DB9-4332-9941-CE1441209A47}.Debug|Any CPU.Build.0 = Debug|Any CPU
		{C7F95478-9DB9-4332-9941-CE1441209A47}.Release|Any CPU.ActiveCfg = Release|Any CPU
		{C7F95478-9DB9-4332-9941-CE1441209A47}.Release|Any CPU.Build.0 = Release|Any CPU
		{8A7A6C40-F551-4DD4-8E79-BF9C8822C327}.Debug|Any CPU.ActiveCfg = Debug|Any CPU
		{8A7A6C40-F551-4DD4-8E79-BF9C8822C327}.Debug|Any CPU.Build.0 = Debug|Any CPU
		{8A7A6C40-F551-4DD4-8E79-BF9C8822C327}.Release|Any CPU.ActiveCfg = Release|Any CPU
		{8A7A6C40-F551-4DD4-8E79-BF9C8822C327}.Release|Any CPU.Build.0 = Release|Any CPU
	EndGlobalSection
	GlobalSection(SolutionProperties) = preSolution
		HideSolutionNode = FALSE
	EndGlobalSection
	GlobalSection(ExtensibilityGlobals) = postSolution
		SolutionGuid = {A73E7301-FF63-44FE-8072-A41F9900E3F4}
	EndGlobalSection
EndGlobal
